
Microsoft Visual Studio Solution File, Format Version 12.00
# Visual Studio Version 16
VisualStudioVersion = 16.0.29025.244
MinimumVisualStudioVersion = 10.0.40219.1
Project("{F184B08F-C81C-45F6-A57F-5ABD9991F28F}") = "OpenCVSharpTesting", "OpenCVSharpTesting\OpenCVSharpTesting.vbproj", "{18E3787C-F100-406C-98F3-EF9A40C71E23}"
EndProject
Global
	GlobalSection(SolutionConfigurationPlatforms) = preSolution
		Debug|Any CPU = Debug|Any CPU
		Release|Any CPU = Release|Any CPU
	EndGlobalSection
	GlobalSection(ProjectConfigurationPlatforms) = postSolution
		{18E3787C-F100-406C-98F3-EF9A40C71E23}.Debug|Any CPU.ActiveCfg = Debug|Any CPU
		{18E3787C-F100-406C-98F3-EF9A40C71E23}.Debug|Any CPU.Build.0 = Debug|Any CPU
		{18E3787C-F100-406C-98F3-EF9A40C71E23}.Release|Any CPU.ActiveCfg = Release|Any CPU
		{18E3787C-F100-406C-98F3-EF9A40C71E23}.Release|Any CPU.Build.0 = Release|Any CPU
	EndGlobalSection
	GlobalSection(SolutionProperties) = preSolution
		HideSolutionNode = FALSE
	EndGlobalSection
	GlobalSection(ExtensibilityGlobals) = postSolution
		SolutionGuid = {3DEE952E-9D03-46F3-A863-1D53DB1085E1}
	EndGlobalSection
EndGlobal
